
Microsoft Visual Studio Solution File, Format Version 12.00
# Visual Studio Version 17
VisualStudioVersion = 17.8.34408.163
MinimumVisualStudioVersion = 10.0.40219.1
Project("{8BC9CEB8-8B4A-11D0-8D11-00A0C91BC942}") = "touchlab visualizer", "touchlab visualizer.vcxproj", "{F38A4E95-7D3F-4856-AE15-0F6E043A7F48}"
EndProject
Global
	GlobalSection(SolutionConfigurationPlatforms) = preSolution
		Debug|x64 = Debug|x64
		Debug|x86 = Debug|x86
		Release|x64 = Release|x64
		Release|x86 = Release|x86
	EndGlobalSection
	GlobalSection(ProjectConfigurationPlatforms) = postSolution
		{F38A4E95-7D3F-4856-AE15-0F6E043A7F48}.Debug|x64.ActiveCfg = Debug|x64
		{F38A4E95-7D3F-4856-AE15-0F6E043A7F48}.Debug|x64.Build.0 = Debug|x64
		{F38A4E95-7D3F-4856-AE15-0F6E043A7F48}.Debug|x86.ActiveCfg = Debug|Win32
		{F38A4E95-7D3F-4856-AE15-0F6E043A7F48}.Debug|x86.Build.0 = Debug|Win32
		{F38A4E95-7D3F-4856-AE15-0F6E043A7F48}.Release|x64.ActiveCfg = Release|x64
		{F38A4E95-7D3F-4856-AE15-0F6E043A7F48}.Release|x64.Build.0 = Release|x64
		{F38A4E95-7D3F-4856-AE15-0F6E043A7F48}.Release|x86.ActiveCfg = Release|Win32
		{F38A4E95-7D3F-4856-AE15-0F6E043A7F48}.Release|x86.Build.0 = Release|Win32
	EndGlobalSection
	GlobalSection(SolutionProperties) = preSolution
		HideSolutionNode = FALSE
	EndGlobalSection
	GlobalSection(ExtensibilityGlobals) = postSolution
		SolutionGuid = {5A3FD2A4-B463-4062-ADA6-9EB1A79449B7}
	EndGlobalSection
EndGlobal
